// !$*UTF8*$!
{
	archiveVersion = 1;
	classes = {
	};
	objectVersion = 55;
	objects = {

/* Begin PBXBuildFile section */
		B0B7EC952764366F00E70F73 /* AppDelegate.swift in Sources */ = {isa = PBXBuildFile; fileRef = B0B7EC942764366F00E70F73 /* AppDelegate.swift */; };
		B0B7EC972764366F00E70F73 /* art.scnassets in Resources */ = {isa = PBXBuildFile; fileRef = B0B7EC962764366F00E70F73 /* art.scnassets */; };
		B0B7EC992764366F00E70F73 /* ViewController.swift in Sources */ = {isa = PBXBuildFile; fileRef = B0B7EC982764366F00E70F73 /* ViewController.swift */; };
		B0B7EC9C2764366F00E70F73 /* Main.storyboard in Resources */ = {isa = PBXBuildFile; fileRef = B0B7EC9A2764366F00E70F73 /* Main.storyboard */; };
		B0B7EC9E2764367100E70F73 /* Assets.xcassets in Resources */ = {isa = PBXBuildFile; fileRef = B0B7EC9D2764367100E70F73 /* Assets.xcassets */; };
		B0B7ECA12764367100E70F73 /* LaunchScreen.storyboard in Resources */ = {isa = PBXBuildFile; fileRef = B0B7EC9F2764367100E70F73 /* LaunchScreen.storyboard */; };
		B0B7ECAB2764367100E70F73 /* homex_rtcTests.swift in Sources */ = {isa = PBXBuildFile; fileRef = B0B7ECAA2764367100E70F73 /* homex_rtcTests.swift */; };
		B0B7ECB52764367100E70F73 /* homex_rtcUITests.swift in Sources */ = {isa = PBXBuildFile; fileRef = B0B7ECB42764367100E70F73 /* homex_rtcUITests.swift */; };
		B0B7ECB72764367100E70F73 /* homex_rtcUITestsLaunchTests.swift in Sources */ = {isa = PBXBuildFile; fileRef = B0B7ECB62764367100E70F73 /* homex_rtcUITestsLaunchTests.swift */; };
/* End PBXBuildFile section */

/* Begin PBXContainerItemProxy section */
		B0B7ECA72764367100E70F73 /* PBXContainerItemProxy */ = {
			isa = PBXContainerItemProxy;
			containerPortal = B0B7EC892764366F00E70F73 /* Project object */;
			proxyType = 1;
			remoteGlobalIDString = B0B7EC902764366F00E70F73;
			remoteInfo = "homex-rtc";
		};
		B0B7ECB12764367100E70F73 /* PBXContainerItemProxy */ = {
			isa = PBXContainerItemProxy;
			containerPortal = B0B7EC892764366F00E70F73 /* Project object */;
			proxyType = 1;
			remoteGlobalIDString = B0B7EC902764366F00E70F73;
			remoteInfo = "homex-rtc";
		};
/* End PBXContainerItemProxy section */

/* Begin PBXFileReference section */
		B0B7EC912764366F00E70F73 /* homex-rtc.app */ = {isa = PBXFileReference; explicitFileType = wrapper.application; includeInIndex = 0; path = "homex-rtc.app"; sourceTree = BUILT_PRODUCTS_DIR; };
		B0B7EC942764366F00E70F73 /* AppDelegate.swift */ = {isa = PBXFileReference; lastKnownFileType = sourcecode.swift; path = AppDelegate.swift; sourceTree = "<group>"; };
		B0B7EC962764366F00E70F73 /* art.scnassets */ = {isa = PBXFileReference; lastKnownFileType = wrapper.scnassets; path = art.scnassets; sourceTree = "<group>"; };
		B0B7EC982764366F00E70F73 /* ViewController.swift */ = {isa = PBXFileReference; lastKnownFileType = sourcecode.swift; path = ViewController.swift; sourceTree = "<group>"; };
		B0B7EC9B2764366F00E70F73 /* Base */ = {isa = PBXFileReference; lastKnownFileType = file.storyboard; name = Base; path = Base.lproj/Main.storyboard; sourceTree = "<group>"; };
		B0B7EC9D2764367100E70F73 /* Assets.xcassets */ = {isa = PBXFileReference; lastKnownFileType = folder.assetcatalog; path = Assets.xcassets; sourceTree = "<group>"; };
		B0B7ECA02764367100E70F73 /* Base */ = {isa = PBXFileReference; lastKnownFileType = file.storyboard; name = Base; path = Base.lproj/LaunchScreen.storyboard; sourceTree = "<group>"; };
		B0B7ECA62764367100E70F73 /* homex-rtcTests.xctest */ = {isa = PBXFileReference; explicitFileType = wrapper.cfbundle; includeInIndex = 0; path = "homex-rtcTests.xctest"; sourceTree = BUILT_PRODUCTS_DIR; };
		B0B7ECAA2764367100E70F73 /* homex_rtcTests.swift */ = {isa = PBXFileReference; lastKnownFileType = sourcecode.swift; path = homex_rtcTests.swift; sourceTree = "<group>"; };
		B0B7ECB02764367100E70F73 /* homex-rtcUITests.xctest */ = {isa = PBXFileReference; explicitFileType = wrapper.cfbundle; includeInIndex = 0; path = "homex-rtcUITests.xctest"; sourceTree = BUILT_PRODUCTS_DIR; };
		B0B7ECB42764367100E70F73 /* homex_rtcUITests.swift */ = {isa = PBXFileReference; lastKnownFileType = sourcecode.swift; path = homex_rtcUITests.swift; sourceTree = "<group>"; };
		B0B7ECB62764367100E70F73 /* homex_rtcUITestsLaunchTests.swift */ = {isa = PBXFileReference; lastKnownFileType = sourcecode.swift; path = homex_rtcUITestsLaunchTests.swift; sourceTree = "<group>"; };
/* End PBXFileReference section */

/* Begin PBXFrameworksBuildPhase section */
		B0B7EC8E2764366F00E70F73 /* Frameworks */ = {
			isa = PBXFrameworksBuildPhase;
			buildActionMask = 2147483647;
			files = (
			);
			runOnlyForDeploymentPostprocessing = 0;
		};
		B0B7ECA32764367100E70F73 /* Frameworks */ = {
			isa = PBXFrameworksBuildPhase;
			buildActionMask = 2147483647;
			files = (
			);
			runOnlyForDeploymentPostprocessing = 0;
		};
		B0B7ECAD2764367100E70F73 /* Frameworks */ = {
			isa = PBXFrameworksBuildPhase;
			buildActionMask = 2147483647;
			files = (
			);
			runOnlyForDeploymentPostprocessing = 0;
		};
/* End PBXFrameworksBuildPhase section */

/* Begin PBXGroup section */
		B0B7EC882764366F00E70F73 = {
			isa = PBXGroup;
			children = (
				B0B7EC932764366F00E70F73 /* homex-rtc */,
				B0B7ECA92764367100E70F73 /* homex-rtcTests */,
				B0B7ECB32764367100E70F73 /* homex-rtcUITests */,
				B0B7EC922764366F00E70F73 /* Products */,
			);
			sourceTree = "<group>";
		};
		B0B7EC922764366F00E70F73 /* Products */ = {
			isa = PBXGroup;
			children = (
				B0B7EC912764366F00E70F73 /* homex-rtc.app */,
				B0B7ECA62764367100E70F73 /* homex-rtcTests.xctest */,
				B0B7ECB02764367100E70F73 /* homex-rtcUITests.xctest */,
			);
			name = Products;
			sourceTree = "<group>";
		};
		B0B7EC932764366F00E70F73 /* homex-rtc */ = {
			isa = PBXGroup;
			children = (
				B0B7EC942764366F00E70F73 /* AppDelegate.swift */,
				B0B7EC962764366F00E70F73 /* art.scnassets */,
				B0B7EC982764366F00E70F73 /* ViewController.swift */,
				B0B7EC9A2764366F00E70F73 /* Main.storyboard */,
				B0B7EC9D2764367100E70F73 /* Assets.xcassets */,
				B0B7EC9F2764367100E70F73 /* LaunchScreen.storyboard */,
			);
			path = "homex-rtc";
			sourceTree = "<group>";
		};
		B0B7ECA92764367100E70F73 /* homex-rtcTests */ = {
			isa = PBXGroup;
			children = (
				B0B7ECAA2764367100E70F73 /* homex_rtcTests.swift */,
			);
			path = "homex-rtcTests";
			sourceTree = "<group>";
		};
		B0B7ECB32764367100E70F73 /* homex-rtcUITests */ = {
			isa = PBXGroup;
			children = (
				B0B7ECB42764367100E70F73 /* homex_rtcUITests.swift */,
				B0B7ECB62764367100E70F73 /* homex_rtcUITestsLaunchTests.swift */,
			);
			path = "homex-rtcUITests";
			sourceTree = "<group>";
		};
/* End PBXGroup section */

/* Begin PBXNativeTarget section */
		B0B7EC902764366F00E70F73 /* homex-rtc */ = {
			isa = PBXNativeTarget;
			buildConfigurationList = B0B7ECBA2764367100E70F73 /* Build configuration list for PBXNativeTarget "homex-rtc" */;
			buildPhases = (
				B0B7EC8D2764366F00E70F73 /* Sources */,
				B0B7EC8E2764366F00E70F73 /* Frameworks */,
				B0B7EC8F2764366F00E70F73 /* Resources */,
			);
			buildRules = (
			);
			dependencies = (
			);
			name = "homex-rtc";
			productName = "homex-rtc";
			productReference = B0B7EC912764366F00E70F73 /* homex-rtc.app */;
			productType = "com.apple.product-type.application";
		};
		B0B7ECA52764367100E70F73 /* homex-rtcTests */ = {
			isa = PBXNativeTarget;
			buildConfigurationList = B0B7ECBD2764367100E70F73 /* Build configuration list for PBXNativeTarget "homex-rtcTests" */;
			buildPhases = (
				B0B7ECA22764367100E70F73 /* Sources */,
				B0B7ECA32764367100E70F73 /* Frameworks */,
				B0B7ECA42764367100E70F73 /* Resources */,
			);
			buildRules = (
			);
			dependencies = (
				B0B7ECA82764367100E70F73 /* PBXTargetDependency */,
			);
			name = "homex-rtcTests";
			productName = "homex-rtcTests";
			productReference = B0B7ECA62764367100E70F73 /* homex-rtcTests.xctest */;
			productType = "com.apple.product-type.bundle.unit-test";
		};
		B0B7ECAF2764367100E70F73 /* homex-rtcUITests */ = {
			isa = PBXNativeTarget;
			buildConfigurationList = B0B7ECC02764367100E70F73 /* Build configuration list for PBXNativeTarget "homex-rtcUITests" */;
			buildPhases = (
				B0B7ECAC2764367100E70F73 /* Sources */,
				B0B7ECAD2764367100E70F73 /* Frameworks */,
				B0B7ECAE2764367100E70F73 /* Resources */,
			);
			buildRules = (
			);
			dependencies = (
				B0B7ECB22764367100E70F73 /* PBXTargetDependency */,
			);
			name = "homex-rtcUITests";
			productName = "homex-rtcUITests";
			productReference = B0B7ECB02764367100E70F73 /* homex-rtcUITests.xctest */;
			productType = "com.apple.product-type.bundle.ui-testing";
		};
/* End PBXNativeTarget section */

/* Begin PBXProject section */
		B0B7EC892764366F00E70F73 /* Project object */ = {
			isa = PBXProject;
			attributes = {
				BuildIndependentTargetsInParallel = 1;
				LastSwiftUpdateCheck = 1310;
				LastUpgradeCheck = 1310;
				TargetAttributes = {
					B0B7EC902764366F00E70F73 = {
						CreatedOnToolsVersion = 13.1;
					};
					B0B7ECA52764367100E70F73 = {
						CreatedOnToolsVersion = 13.1;
						TestTargetID = B0B7EC902764366F00E70F73;
					};
					B0B7ECAF2764367100E70F73 = {
						CreatedOnToolsVersion = 13.1;
						TestTargetID = B0B7EC902764366F00E70F73;
					};
				};
			};
			buildConfigurationList = B0B7EC8C2764366F00E70F73 /* Build configuration list for PBXProject "homex-rtc" */;
			compatibilityVersion = "Xcode 13.0";
			developmentRegion = en;
			hasScannedForEncodings = 0;
			knownRegions = (
				en,
				Base,
			);
			mainGroup = B0B7EC882764366F00E70F73;
			productRefGroup = B0B7EC922764366F00E70F73 /* Products */;
			projectDirPath = "";
			projectRoot = "";
			targets = (
				B0B7EC902764366F00E70F73 /* homex-rtc */,
				B0B7ECA52764367100E70F73 /* homex-rtcTests */,
				B0B7ECAF2764367100E70F73 /* homex-rtcUITests */,
			);
		};
/* End PBXProject section */

/* Begin PBXResourcesBuildPhase section */
		B0B7EC8F2764366F00E70F73 /* Resources */ = {
			isa = PBXResourcesBuildPhase;
			buildActionMask = 2147483647;
			files = (
				B0B7EC972764366F00E70F73 /* art.scnassets in Resources */,
				B0B7ECA12764367100E70F73 /* LaunchScreen.storyboard in Resources */,
				B0B7EC9E2764367100E70F73 /* Assets.xcassets in Resources */,
				B0B7EC9C2764366F00E70F73 /* Main.storyboard in Resources */,
			);
			runOnlyForDeploymentPostprocessing = 0;
		};
		B0B7ECA42764367100E70F73 /* Resources */ = {
			isa = PBXResourcesBuildPhase;
			buildActionMask = 2147483647;
			files = (
			);
			runOnlyForDeploymentPostprocessing = 0;
		};
		B0B7ECAE2764367100E70F73 /* Resources */ = {
			isa = PBXResourcesBuildPhase;
			buildActionMask = 2147483647;
			files = (
			);
			runOnlyForDeploymentPostprocessing = 0;
		};
/* End PBXResourcesBuildPhase section */

/* Begin PBXSourcesBuildPhase section */
		B0B7EC8D2764366F00E70F73 /* Sources */ = {
			isa = PBXSourcesBuildPhase;
			buildActionMask = 2147483647;
			files = (
				B0B7EC992764366F00E70F73 /* ViewController.swift in Sources */,
				B0B7EC952764366F00E70F73 /* AppDelegate.swift in Sources */,
			);
			runOnlyForDeploymentPostprocessing = 0;
		};
		B0B7ECA22764367100E70F73 /* Sources */ = {
			isa = PBXSourcesBuildPhase;
			buildActionMask = 2147483647;
			files = (
				B0B7ECAB2764367100E70F73 /* homex_rtcTests.swift in Sources */,
			);
			runOnlyForDeploymentPostprocessing = 0;
		};
		B0B7ECAC2764367100E70F73 /* Sources */ = {
			isa = PBXSourcesBuildPhase;
			buildActionMask = 2147483647;
			files = (
				B0B7ECB72764367100E70F73 /* homex_rtcUITestsLaunchTests.swift in Sources */,
				B0B7ECB52764367100E70F73 /* homex_rtcUITests.swift in Sources */,
			);
			runOnlyForDeploymentPostprocessing = 0;
		};
/* End PBXSourcesBuildPhase section */

/* Begin PBXTargetDependency section */
		B0B7ECA82764367100E70F73 /* PBXTargetDependency */ = {
			isa = PBXTargetDependency;
			target = B0B7EC902764366F00E70F73 /* homex-rtc */;
			targetProxy = B0B7ECA72764367100E70F73 /* PBXContainerItemProxy */;
		};
		B0B7ECB22764367100E70F73 /* PBXTargetDependency */ = {
			isa = PBXTargetDependency;
			target = B0B7EC902764366F00E70F73 /* homex-rtc */;
			targetProxy = B0B7ECB12764367100E70F73 /* PBXContainerItemProxy */;
		};
/* End PBXTargetDependency section */

/* Begin PBXVariantGroup section */
		B0B7EC9A2764366F00E70F73 /* Main.storyboard */ = {
			isa = PBXVariantGroup;
			children = (
				B0B7EC9B2764366F00E70F73 /* Base */,
			);
			name = Main.storyboard;
			sourceTree = "<group>";
		};
		B0B7EC9F2764367100E70F73 /* LaunchScreen.storyboard */ = {
			isa = PBXVariantGroup;
			children = (
				B0B7ECA02764367100E70F73 /* Base */,
			);
			name = LaunchScreen.storyboard;
			sourceTree = "<group>";
		};
/* End PBXVariantGroup section */

/* Begin XCBuildConfiguration section */
		B0B7ECB82764367100E70F73 /* Debug */ = {
			isa = XCBuildConfiguration;
			buildSettings = {
				ALWAYS_SEARCH_USER_PATHS = NO;
				CLANG_ANALYZER_NONNULL = YES;
				CLANG_ANALYZER_NUMBER_OBJECT_CONVERSION = YES_AGGRESSIVE;
				CLANG_CXX_LANGUAGE_STANDARD = "gnu++17";
				CLANG_CXX_LIBRARY = "libc++";
				CLANG_ENABLE_MODULES = YES;
				CLANG_ENABLE_OBJC_ARC = YES;
				CLANG_ENABLE_OBJC_WEAK = YES;
				CLANG_WARN_BLOCK_CAPTURE_AUTORELEASING = YES;
				CLANG_WARN_BOOL_CONVERSION = YES;
				CLANG_WARN_COMMA = YES;
				CLANG_WARN_CONSTANT_CONVERSION = YES;
				CLANG_WARN_DEPRECATED_OBJC_IMPLEMENTATIONS = YES;
				CLANG_WARN_DIRECT_OBJC_ISA_USAGE = YES_ERROR;
				CLANG_WARN_DOCUMENTATION_COMMENTS = YES;
				CLANG_WARN_EMPTY_BODY = YES;
				CLANG_WARN_ENUM_CONVERSION = YES;
				CLANG_WARN_INFINITE_RECURSION = YES;
				CLANG_WARN_INT_CONVERSION = YES;
				CLANG_WARN_NON_LITERAL_NULL_CONVERSION = YES;
				CLANG_WARN_OBJC_IMPLICIT_RETAIN_SELF = YES;
				CLANG_WARN_OBJC_LITERAL_CONVERSION = YES;
				CLANG_WARN_OBJC_ROOT_CLASS = YES_ERROR;
				CLANG_WARN_QUOTED_INCLUDE_IN_FRAMEWORK_HEADER = YES;
				CLANG_WARN_RANGE_LOOP_ANALYSIS = YES;
				CLANG_WARN_STRICT_PROTOTYPES = YES;
				CLANG_WARN_SUSPICIOUS_MOVE = YES;
				CLANG_WARN_UNGUARDED_AVAILABILITY = YES_AGGRESSIVE;
				CLANG_WARN_UNREACHABLE_CODE = YES;
				CLANG_WARN__DUPLICATE_METHOD_MATCH = YES;
				COPY_PHASE_STRIP = NO;
				DEBUG_INFORMATION_FORMAT = dwarf;
				ENABLE_STRICT_OBJC_MSGSEND = YES;
				ENABLE_TESTABILITY = YES;
				GCC_C_LANGUAGE_STANDARD = gnu11;
				GCC_DYNAMIC_NO_PIC = NO;
				GCC_NO_COMMON_BLOCKS = YES;
				GCC_OPTIMIZATION_LEVEL = 0;
				GCC_PREPROCESSOR_DEFINITIONS = (
					"DEBUG=1",
					"$(inherited)",
				);
				GCC_WARN_64_TO_32_BIT_CONVERSION = YES;
				GCC_WARN_ABOUT_RETURN_TYPE = YES_ERROR;
				GCC_WARN_UNDECLARED_SELECTOR = YES;
				GCC_WARN_UNINITIALIZED_AUTOS = YES_AGGRESSIVE;
				GCC_WARN_UNUSED_FUNCTION = YES;
				GCC_WARN_UNUSED_VARIABLE = YES;
				IPHONEOS_DEPLOYMENT_TARGET = 15.0;
				MTL_ENABLE_DEBUG_INFO = INCLUDE_SOURCE;
				MTL_FAST_MATH = YES;
				ONLY_ACTIVE_ARCH = YES;
				SDKROOT = iphoneos;
				SWIFT_ACTIVE_COMPILATION_CONDITIONS = DEBUG;
				SWIFT_OPTIMIZATION_LEVEL = "-Onone";
			};
			name = Debug;
		};
		B0B7ECB92764367100E70F73 /* Release */ = {
			isa = XCBuildConfiguration;
			buildSettings = {
				ALWAYS_SEARCH_USER_PATHS = NO;
				CLANG_ANALYZER_NONNULL = YES;
				CLANG_ANALYZER_NUMBER_OBJECT_CONVERSION = YES_AGGRESSIVE;
				CLANG_CXX_LANGUAGE_STANDARD = "gnu++17";
				CLANG_CXX_LIBRARY = "libc++";
				CLANG_ENABLE_MODULES = YES;
				CLANG_ENABLE_OBJC_ARC = YES;
				CLANG_ENABLE_OBJC_WEAK = YES;
				CLANG_WARN_BLOCK_CAPTURE_AUTORELEASING = YES;
				CLANG_WARN_BOOL_CONVERSION = YES;
				CLANG_WARN_COMMA = YES;
				CLANG_WARN_CONSTANT_CONVERSION = YES;
				CLANG_WARN_DEPRECATED_OBJC_IMPLEMENTATIONS = YES;
				CLANG_WARN_DIRECT_OBJC_ISA_USAGE = YES_ERROR;
				CLANG_WARN_DOCUMENTATION_COMMENTS = YES;
				CLANG_WARN_EMPTY_BODY = YES;
				CLANG_WARN_ENUM_CONVERSION = YES;
				CLANG_WARN_INFINITE_RECURSION = YES;
				CLANG_WARN_INT_CONVERSION = YES;
				CLANG_WARN_NON_LITERAL_NULL_CONVERSION = YES;
				CLANG_WARN_OBJC_IMPLICIT_RETAIN_SELF = YES;
				CLANG_WARN_OBJC_LITERAL_CONVERSION = YES;
				CLANG_WARN_OBJC_ROOT_CLASS = YES_ERROR;
				CLANG_WARN_QUOTED_INCLUDE_IN_FRAMEWORK_HEADER = YES;
				CLANG_WARN_RANGE_LOOP_ANALYSIS = YES;
				CLANG_WARN_STRICT_PROTOTYPES = YES;
				CLANG_WARN_SUSPICIOUS_MOVE = YES;
				CLANG_WARN_UNGUARDED_AVAILABILITY = YES_AGGRESSIVE;
				CLANG_WARN_UNREACHABLE_CODE = YES;
				CLANG_WARN__DUPLICATE_METHOD_MATCH = YES;
				COPY_PHASE_STRIP = NO;
				DEBUG_INFORMATION_FORMAT = "dwarf-with-dsym";
				ENABLE_NS_ASSERTIONS = NO;
				ENABLE_STRICT_OBJC_MSGSEND = YES;
				GCC_C_LANGUAGE_STANDARD = gnu11;
				GCC_NO_COMMON_BLOCKS = YES;
				GCC_WARN_64_TO_32_BIT_CONVERSION = YES;
				GCC_WARN_ABOUT_RETURN_TYPE = YES_ERROR;
				GCC_WARN_UNDECLARED_SELECTOR = YES;
				GCC_WARN_UNINITIALIZED_AUTOS = YES_AGGRESSIVE;
				GCC_WARN_UNUSED_FUNCTION = YES;
				GCC_WARN_UNUSED_VARIABLE = YES;
				IPHONEOS_DEPLOYMENT_TARGET = 15.0;
				MTL_ENABLE_DEBUG_INFO = NO;
				MTL_FAST_MATH = YES;
				SDKROOT = iphoneos;
				SWIFT_COMPILATION_MODE = wholemodule;
				SWIFT_OPTIMIZATION_LEVEL = "-O";
				VALIDATE_PRODUCT = YES;
			};
			name = Release;
		};
		B0B7ECBB2764367100E70F73 /* Debug */ = {
			isa = XCBuildConfiguration;
			buildSettings = {
				ASSETCATALOG_COMPILER_APPICON_NAME = AppIcon;
				ASSETCATALOG_COMPILER_GLOBAL_ACCENT_COLOR_NAME = AccentColor;
				CODE_SIGN_STYLE = Automatic;
				CURRENT_PROJECT_VERSION = 1;
				DEVELOPMENT_TEAM = BGB8U428ZY;
				GENERATE_INFOPLIST_FILE = YES;
				INFOPLIST_KEY_NSCameraUsageDescription = "";
				INFOPLIST_KEY_UIApplicationSupportsIndirectInputEvents = YES;
				INFOPLIST_KEY_UILaunchStoryboardName = LaunchScreen;
				INFOPLIST_KEY_UIMainStoryboardFile = Main;
				INFOPLIST_KEY_UIRequiredDeviceCapabilities = arkit;
				INFOPLIST_KEY_UIStatusBarHidden = YES;
				INFOPLIST_KEY_UISupportedInterfaceOrientations_iPad = "UIInterfaceOrientationPortrait UIInterfaceOrientationPortraitUpsideDown UIInterfaceOrientationLandscapeLeft UIInterfaceOrientationLandscapeRight";
				INFOPLIST_KEY_UISupportedInterfaceOrientations_iPhone = "UIInterfaceOrientationPortrait UIInterfaceOrientationLandscapeLeft UIInterfaceOrientationLandscapeRight";
				LD_RUNPATH_SEARCH_PATHS = (
					"$(inherited)",
					"@executable_path/Frameworks",
				);
				MARKETING_VERSION = 1.0;
				PRODUCT_BUNDLE_IDENTIFIER = "homex.homex-rtc.homex-rtc";
				PRODUCT_NAME = "$(TARGET_NAME)";
				SWIFT_EMIT_LOC_STRINGS = YES;
				SWIFT_VERSION = 5.0;
				TARGETED_DEVICE_FAMILY = "1,2";
			};
			name = Debug;
		};
		B0B7ECBC2764367100E70F73 /* Release */ = {
			isa = XCBuildConfiguration;
			buildSettings = {
				ASSETCATALOG_COMPILER_APPICON_NAME = AppIcon;
				ASSETCATALOG_COMPILER_GLOBAL_ACCENT_COLOR_NAME = AccentColor;
				CODE_SIGN_STYLE = Automatic;
				CURRENT_PROJECT_VERSION = 1;
				DEVELOPMENT_TEAM = BGB8U428ZY;
				GENERATE_INFOPLIST_FILE = YES;
				INFOPLIST_KEY_NSCameraUsageDescription = "";
				INFOPLIST_KEY_UIApplicationSupportsIndirectInputEvents = YES;
				INFOPLIST_KEY_UILaunchStoryboardName = LaunchScreen;
				INFOPLIST_KEY_UIMainStoryboardFile = Main;
				INFOPLIST_KEY_UIRequiredDeviceCapabilities = arkit;
				INFOPLIST_KEY_UIStatusBarHidden = YES;
				INFOPLIST_KEY_UISupportedInterfaceOrientations_iPad = "UIInterfaceOrientationPortrait UIInterfaceOrientationPortraitUpsideDown UIInterfaceOrientationLandscapeLeft UIInterfaceOrientationLandscapeRight";
				INFOPLIST_KEY_UISupportedInterfaceOrientations_iPhone = "UIInterfaceOrientationPortrait UIInterfaceOrientationLandscapeLeft UIInterfaceOrientationLandscapeRight";
				LD_RUNPATH_SEARCH_PATHS = (
					"$(inherited)",
					"@executable_path/Frameworks",
				);
				MARKETING_VERSION = 1.0;
				PRODUCT_BUNDLE_IDENTIFIER = "homex.homex-rtc.homex-rtc";
				PRODUCT_NAME = "$(TARGET_NAME)";
				SWIFT_EMIT_LOC_STRINGS = YES;
				SWIFT_VERSION = 5.0;
				TARGETED_DEVICE_FAMILY = "1,2";
			};
			name = Release;
		};
		B0B7ECBE2764367100E70F73 /* Debug */ = {
			isa = XCBuildConfiguration;
			buildSettings = {
				ALWAYS_EMBED_SWIFT_STANDARD_LIBRARIES = YES;
				BUNDLE_LOADER = "$(TEST_HOST)";
				CODE_SIGN_STYLE = Automatic;
				CURRENT_PROJECT_VERSION = 1;
				GENERATE_INFOPLIST_FILE = YES;
				IPHONEOS_DEPLOYMENT_TARGET = 15.0;
				LD_RUNPATH_SEARCH_PATHS = (
					"$(inherited)",
					"@executable_path/Frameworks",
					"@loader_path/Frameworks",
				);
				MARKETING_VERSION = 1.0;
				PRODUCT_BUNDLE_IDENTIFIER = "homex.homex-rtc.homex-rtcTests";
				PRODUCT_NAME = "$(TARGET_NAME)";
				SWIFT_EMIT_LOC_STRINGS = NO;
				SWIFT_VERSION = 5.0;
				TARGETED_DEVICE_FAMILY = "1,2";
				TEST_HOST = "$(BUILT_PRODUCTS_DIR)/homex-rtc.app/homex-rtc";
			};
			name = Debug;
		};
		B0B7ECBF2764367100E70F73 /* Release */ = {
			isa = XCBuildConfiguration;
			buildSettings = {
				ALWAYS_EMBED_SWIFT_STANDARD_LIBRARIES = YES;
				BUNDLE_LOADER = "$(TEST_HOST)";
				CODE_SIGN_STYLE = Automatic;
				CURRENT_PROJECT_VERSION = 1;
				GENERATE_INFOPLIST_FILE = YES;
				IPHONEOS_DEPLOYMENT_TARGET = 15.0;
				LD_RUNPATH_SEARCH_PATHS = (
					"$(inherited)",
					"@executable_path/Frameworks",
					"@loader_path/Frameworks",
				);
				MARKETING_VERSION = 1.0;
				PRODUCT_BUNDLE_IDENTIFIER = "homex.homex-rtc.homex-rtcTests";
				PRODUCT_NAME = "$(TARGET_NAME)";
				SWIFT_EMIT_LOC_STRINGS = NO;
				SWIFT_VERSION = 5.0;
				TARGETED_DEVICE_FAMILY = "1,2";
				TEST_HOST = "$(BUILT_PRODUCTS_DIR)/homex-rtc.app/homex-rtc";
			};
			name = Release;
		};
		B0B7ECC12764367100E70F73 /* Debug */ = {
			isa = XCBuildConfiguration;
			buildSettings = {
				ALWAYS_EMBED_SWIFT_STANDARD_LIBRARIES = YES;
				CODE_SIGN_STYLE = Automatic;
				CURRENT_PROJECT_VERSION = 1;
				GENERATE_INFOPLIST_FILE = YES;
				LD_RUNPATH_SEARCH_PATHS = (
					"$(inherited)",
					"@executable_path/Frameworks",
					"@loader_path/Frameworks",
				);
				MARKETING_VERSION = 1.0;
				PRODUCT_BUNDLE_IDENTIFIER = "homex.homex-rtc.homex-rtcUITests";
				PRODUCT_NAME = "$(TARGET_NAME)";
				SWIFT_EMIT_LOC_STRINGS = NO;
				SWIFT_VERSION = 5.0;
				TARGETED_DEVICE_FAMILY = "1,2";
				TEST_TARGET_NAME = "homex-rtc";
			};
			name = Debug;
		};
		B0B7ECC22764367100E70F73 /* Release */ = {
			isa = XCBuildConfiguration;
			buildSettings = {
				ALWAYS_EMBED_SWIFT_STANDARD_LIBRARIES = YES;
				CODE_SIGN_STYLE = Automatic;
				CURRENT_PROJECT_VERSION = 1;
				GENERATE_INFOPLIST_FILE = YES;
				LD_RUNPATH_SEARCH_PATHS = (
					"$(inherited)",
					"@executable_path/Frameworks",
					"@loader_path/Frameworks",
				);
				MARKETING_VERSION = 1.0;
				PRODUCT_BUNDLE_IDENTIFIER = "homex.homex-rtc.homex-rtcUITests";
				PRODUCT_NAME = "$(TARGET_NAME)";
				SWIFT_EMIT_LOC_STRINGS = NO;
				SWIFT_VERSION = 5.0;
				TARGETED_DEVICE_FAMILY = "1,2";
				TEST_TARGET_NAME = "homex-rtc";
			};
			name = Release;
		};
/* End XCBuildConfiguration section */

/* Begin XCConfigurationList section */
		B0B7EC8C2764366F00E70F73 /* Build configuration list for PBXProject "homex-rtc" */ = {
			isa = XCConfigurationList;
			buildConfigurations = (
				B0B7ECB82764367100E70F73 /* Debug */,
				B0B7ECB92764367100E70F73 /* Release */,
			);
			defaultConfigurationIsVisible = 0;
			defaultConfigurationName = Release;
		};
		B0B7ECBA2764367100E70F73 /* Build configuration list for PBXNativeTarget "homex-rtc" */ = {
			isa = XCConfigurationList;
			buildConfigurations = (
				B0B7ECBB2764367100E70F73 /* Debug */,
				B0B7ECBC2764367100E70F73 /* Release */,
			);
			defaultConfigurationIsVisible = 0;
			defaultConfigurationName = Release;
		};
		B0B7ECBD2764367100E70F73 /* Build configuration list for PBXNativeTarget "homex-rtcTests" */ = {
			isa = XCConfigurationList;
			buildConfigurations = (
				B0B7ECBE2764367100E70F73 /* Debug */,
				B0B7ECBF2764367100E70F73 /* Release */,
			);
			defaultConfigurationIsVisible = 0;
			defaultConfigurationName = Release;
		};
		B0B7ECC02764367100E70F73 /* Build configuration list for PBXNativeTarget "homex-rtcUITests" */ = {
			isa = XCConfigurationList;
			buildConfigurations = (
				B0B7ECC12764367100E70F73 /* Debug */,
				B0B7ECC22764367100E70F73 /* Release */,
			);
			defaultConfigurationIsVisible = 0;
			defaultConfigurationName = Release;
		};
/* End XCConfigurationList section */
	};
	rootObject = B0B7EC892764366F00E70F73 /* Project object */;
}
